
Microsoft Visual Studio Solution File, Format Version 12.00
# Visual Studio Version 16
VisualStudioVersion = 16.0.31402.337
MinimumVisualStudioVersion = 10.0.40219.1
Project("{9A19103F-16F7-4668-BE54-9A1E7A4F7556}") = "Banco", "Banco.csproj", "{84A13557-CCBF-4B37-9108-DEAFBC5628DD}"
EndProject
Global
	GlobalSection(SolutionConfigurationPlatforms) = preSolution
		Debug|Any CPU = Debug|Any CPU
		Release|Any CPU = Release|Any CPU
	EndGlobalSection
	GlobalSection(ProjectConfigurationPlatforms) = postSolution
		{84A13557-CCBF-4B37-9108-DEAFBC5628DD}.Debug|Any CPU.ActiveCfg = Debug|Any CPU
		{84A13557-CCBF-4B37-9108-DEAFBC5628DD}.Debug|Any CPU.Build.0 = Debug|Any CPU
		{84A13557-CCBF-4B37-9108-DEAFBC5628DD}.Release|Any CPU.ActiveCfg = Release|Any CPU
		{84A13557-CCBF-4B37-9108-DEAFBC5628DD}.Release|Any CPU.Build.0 = Release|Any CPU
	EndGlobalSection
	GlobalSection(SolutionProperties) = preSolution
		HideSolutionNode = FALSE
	EndGlobalSection
	GlobalSection(ExtensibilityGlobals) = postSolution
		SolutionGuid = {2DAA3F1A-0C89-4B71-BE3F-2C86C4560BDF}
	EndGlobalSection
EndGlobal
